// !$*UTF8*$!
{
	archiveVersion = 1;
	classes = {
	};
	objectVersion = 51;
	objects = {

/* Begin PBXBuildFile section */
		2212D0A12707F72601DAE7A1 /* Pods_frenemies_frenemiesUITests.framework in Frameworks */ = {isa = PBXBuildFile; fileRef = 40FD82E4BF510242883CD936 /* Pods_frenemies_frenemiesUITests.framework */; };
		AA349982269E137500DCC7E7 /* SignUpViewController.m in Sources */ = {isa = PBXBuildFile; fileRef = AA349981269E137500DCC7E7 /* SignUpViewController.m */; };
		AA349985269E1DF100DCC7E7 /* FeedViewController.m in Sources */ = {isa = PBXBuildFile; fileRef = AA349984269E1DF100DCC7E7 /* FeedViewController.m */; };
		AA349988269E1E1700DCC7E7 /* CreateViewController.m in Sources */ = {isa = PBXBuildFile; fileRef = AA349987269E1E1700DCC7E7 /* CreateViewController.m */; };
		AA34998B269F785900DCC7E7 /* ProfileViewController.m in Sources */ = {isa = PBXBuildFile; fileRef = AA34998A269F785900DCC7E7 /* ProfileViewController.m */; };
		AA349990269F9D4400DCC7E7 /* FeedCell.m in Sources */ = {isa = PBXBuildFile; fileRef = AA34998F269F9D4400DCC7E7 /* FeedCell.m */; };
		AA349993269F9D6100DCC7E7 /* FriendCell.m in Sources */ = {isa = PBXBuildFile; fileRef = AA349992269F9D6100DCC7E7 /* FriendCell.m */; };
		AA349996269F9D7100DCC7E7 /* TagCell.m in Sources */ = {isa = PBXBuildFile; fileRef = AA349995269F9D7100DCC7E7 /* TagCell.m */; };
		AA44948A26A5FB8B00E78128 /* FriendViewController.m in Sources */ = {isa = PBXBuildFile; fileRef = AA44948926A5FB8B00E78128 /* FriendViewController.m */; };
		AA44948D26A61C8900E78128 /* SwipeUserCell.m in Sources */ = {isa = PBXBuildFile; fileRef = AA44948C26A61C8900E78128 /* SwipeUserCell.m */; };
		AA44949026A777EE00E78128 /* FriendProfileViewController.m in Sources */ = {isa = PBXBuildFile; fileRef = AA44948F26A777EE00E78128 /* FriendProfileViewController.m */; };
		AA459CAA26A0B2FD00E996B7 /* Challenge.m in Sources */ = {isa = PBXBuildFile; fileRef = AA459CA926A0B2FD00E996B7 /* Challenge.m */; };
		AA46CBED26A8757D00ED656D /* ChallengeFindViewController.m in Sources */ = {isa = PBXBuildFile; fileRef = AA46CBEC26A8757D00ED656D /* ChallengeFindViewController.m */; };
		AA46CBF026A879AE00ED656D /* ChallengeFindCell.m in Sources */ = {isa = PBXBuildFile; fileRef = AA46CBEF26A879AE00ED656D /* ChallengeFindCell.m */; };
		AA46CBF326A8BBA600ED656D /* ChallengeDetailViewController.m in Sources */ = {isa = PBXBuildFile; fileRef = AA46CBF226A8BBA600ED656D /* ChallengeDetailViewController.m */; };
		AA962F6526AA05630037229F /* RelatedChallengeCell.m in Sources */ = {isa = PBXBuildFile; fileRef = AA962F6426AA05630037229F /* RelatedChallengeCell.m */; };
		AABB837426AB403D00A0484E /* ChallengeViewController.m in Sources */ = {isa = PBXBuildFile; fileRef = AABB837326AB403D00A0484E /* ChallengeViewController.m */; };
		AABB837726AB441800A0484E /* LogViewController.m in Sources */ = {isa = PBXBuildFile; fileRef = AABB837626AB441800A0484E /* LogViewController.m */; };
		AABB837A26AB45A100A0484E /* DoneViewController.m in Sources */ = {isa = PBXBuildFile; fileRef = AABB837926AB45A100A0484E /* DoneViewController.m */; };
		AADF7D93269CAFAF00A6BC5E /* AppDelegate.m in Sources */ = {isa = PBXBuildFile; fileRef = AADF7D92269CAFAF00A6BC5E /* AppDelegate.m */; };
		AADF7D96269CAFAF00A6BC5E /* SceneDelegate.m in Sources */ = {isa = PBXBuildFile; fileRef = AADF7D95269CAFAF00A6BC5E /* SceneDelegate.m */; };
		AADF7D99269CAFAF00A6BC5E /* ViewController.m in Sources */ = {isa = PBXBuildFile; fileRef = AADF7D98269CAFAF00A6BC5E /* ViewController.m */; };
		AADF7D9C269CAFAF00A6BC5E /* Main.storyboard in Resources */ = {isa = PBXBuildFile; fileRef = AADF7D9A269CAFAF00A6BC5E /* Main.storyboard */; };
		AADF7D9E269CAFB000A6BC5E /* Assets.xcassets in Resources */ = {isa = PBXBuildFile; fileRef = AADF7D9D269CAFB000A6BC5E /* Assets.xcassets */; };
		AADF7DA1269CAFB000A6BC5E /* LaunchScreen.storyboard in Resources */ = {isa = PBXBuildFile; fileRef = AADF7D9F269CAFB000A6BC5E /* LaunchScreen.storyboard */; };
		AADF7DA4269CAFB000A6BC5E /* main.m in Sources */ = {isa = PBXBuildFile; fileRef = AADF7DA3269CAFB000A6BC5E /* main.m */; };
		AADF7DAE269CAFB000A6BC5E /* frenemiesTests.m in Sources */ = {isa = PBXBuildFile; fileRef = AADF7DAD269CAFB000A6BC5E /* frenemiesTests.m */; };
		AADF7DB9269CAFB000A6BC5E /* frenemiesUITests.m in Sources */ = {isa = PBXBuildFile; fileRef = AADF7DB8269CAFB000A6BC5E /* frenemiesUITests.m */; };
		AADF7DC9269CEBCA00A6BC5E /* LoginViewController.m in Sources */ = {isa = PBXBuildFile; fileRef = AADF7DC8269CEBCA00A6BC5E /* LoginViewController.m */; };
		CBAA6E0BDBC2CC498B021EC4 /* Pods_frenemiesTests.framework in Frameworks */ = {isa = PBXBuildFile; fileRef = 79A99CDD99B473C155BB11CF /* Pods_frenemiesTests.framework */; };
		E82AA638465FD56F4E0D3CD9 /* Pods_frenemies.framework in Frameworks */ = {isa = PBXBuildFile; fileRef = 3702435EB8E711C0C0013243 /* Pods_frenemies.framework */; };
/* End PBXBuildFile section */

/* Begin PBXContainerItemProxy section */
		AADF7DAA269CAFB000A6BC5E /* PBXContainerItemProxy */ = {
			isa = PBXContainerItemProxy;
			containerPortal = AADF7D86269CAFAF00A6BC5E /* Project object */;
			proxyType = 1;
			remoteGlobalIDString = AADF7D8D269CAFAF00A6BC5E;
			remoteInfo = frenemies;
		};
		AADF7DB5269CAFB000A6BC5E /* PBXContainerItemProxy */ = {
			isa = PBXContainerItemProxy;
			containerPortal = AADF7D86269CAFAF00A6BC5E /* Project object */;
			proxyType = 1;
			remoteGlobalIDString = AADF7D8D269CAFAF00A6BC5E;
			remoteInfo = frenemies;
		};
/* End PBXContainerItemProxy section */

/* Begin PBXFileReference section */
		171EE3FBB27CCADF50664BBF /* Pods-frenemies-frenemiesUITests.debug.xcconfig */ = {isa = PBXFileReference; includeInIndex = 1; lastKnownFileType = text.xcconfig; name = "Pods-frenemies-frenemiesUITests.debug.xcconfig"; path = "Target Support Files/Pods-frenemies-frenemiesUITests/Pods-frenemies-frenemiesUITests.debug.xcconfig"; sourceTree = "<group>"; };
		35F626D86E283C5E2306394A /* Pods-frenemiesTests.release.xcconfig */ = {isa = PBXFileReference; includeInIndex = 1; lastKnownFileType = text.xcconfig; name = "Pods-frenemiesTests.release.xcconfig"; path = "Target Support Files/Pods-frenemiesTests/Pods-frenemiesTests.release.xcconfig"; sourceTree = "<group>"; };
		3702435EB8E711C0C0013243 /* Pods_frenemies.framework */ = {isa = PBXFileReference; explicitFileType = wrapper.framework; includeInIndex = 0; path = Pods_frenemies.framework; sourceTree = BUILT_PRODUCTS_DIR; };
		40FD82E4BF510242883CD936 /* Pods_frenemies_frenemiesUITests.framework */ = {isa = PBXFileReference; explicitFileType = wrapper.framework; includeInIndex = 0; path = Pods_frenemies_frenemiesUITests.framework; sourceTree = BUILT_PRODUCTS_DIR; };
		6FCB02DDDCE8DEA372E51C1C /* Pods-frenemiesTests.debug.xcconfig */ = {isa = PBXFileReference; includeInIndex = 1; lastKnownFileType = text.xcconfig; name = "Pods-frenemiesTests.debug.xcconfig"; path = "Target Support Files/Pods-frenemiesTests/Pods-frenemiesTests.debug.xcconfig"; sourceTree = "<group>"; };
		72C59350E77F21961A3B9B88 /* Pods-frenemies.debug.xcconfig */ = {isa = PBXFileReference; includeInIndex = 1; lastKnownFileType = text.xcconfig; name = "Pods-frenemies.debug.xcconfig"; path = "Target Support Files/Pods-frenemies/Pods-frenemies.debug.xcconfig"; sourceTree = "<group>"; };
		79A99CDD99B473C155BB11CF /* Pods_frenemiesTests.framework */ = {isa = PBXFileReference; explicitFileType = wrapper.framework; includeInIndex = 0; path = Pods_frenemiesTests.framework; sourceTree = BUILT_PRODUCTS_DIR; };
		AA349980269E137500DCC7E7 /* SignUpViewController.h */ = {isa = PBXFileReference; lastKnownFileType = sourcecode.c.h; path = SignUpViewController.h; sourceTree = "<group>"; };
		AA349981269E137500DCC7E7 /* SignUpViewController.m */ = {isa = PBXFileReference; lastKnownFileType = sourcecode.c.objc; path = SignUpViewController.m; sourceTree = "<group>"; };
		AA349983269E1DF100DCC7E7 /* FeedViewController.h */ = {isa = PBXFileReference; lastKnownFileType = sourcecode.c.h; path = FeedViewController.h; sourceTree = "<group>"; };
		AA349984269E1DF100DCC7E7 /* FeedViewController.m */ = {isa = PBXFileReference; lastKnownFileType = sourcecode.c.objc; path = FeedViewController.m; sourceTree = "<group>"; };
		AA349986269E1E1700DCC7E7 /* CreateViewController.h */ = {isa = PBXFileReference; lastKnownFileType = sourcecode.c.h; path = CreateViewController.h; sourceTree = "<group>"; };
		AA349987269E1E1700DCC7E7 /* CreateViewController.m */ = {isa = PBXFileReference; lastKnownFileType = sourcecode.c.objc; path = CreateViewController.m; sourceTree = "<group>"; };
		AA349989269F785900DCC7E7 /* ProfileViewController.h */ = {isa = PBXFileReference; lastKnownFileType = sourcecode.c.h; path = ProfileViewController.h; sourceTree = "<group>"; };
		AA34998A269F785900DCC7E7 /* ProfileViewController.m */ = {isa = PBXFileReference; lastKnownFileType = sourcecode.c.objc; path = ProfileViewController.m; sourceTree = "<group>"; };
		AA34998E269F9D4400DCC7E7 /* FeedCell.h */ = {isa = PBXFileReference; lastKnownFileType = sourcecode.c.h; path = FeedCell.h; sourceTree = "<group>"; };
		AA34998F269F9D4400DCC7E7 /* FeedCell.m */ = {isa = PBXFileReference; lastKnownFileType = sourcecode.c.objc; path = FeedCell.m; sourceTree = "<group>"; };
		AA349991269F9D6100DCC7E7 /* FriendCell.h */ = {isa = PBXFileReference; lastKnownFileType = sourcecode.c.h; path = FriendCell.h; sourceTree = "<group>"; };
		AA349992269F9D6100DCC7E7 /* FriendCell.m */ = {isa = PBXFileReference; lastKnownFileType = sourcecode.c.objc; path = FriendCell.m; sourceTree = "<group>"; };
		AA349994269F9D7100DCC7E7 /* TagCell.h */ = {isa = PBXFileReference; lastKnownFileType = sourcecode.c.h; path = TagCell.h; sourceTree = "<group>"; };
		AA349995269F9D7100DCC7E7 /* TagCell.m */ = {isa = PBXFileReference; lastKnownFileType = sourcecode.c.objc; path = TagCell.m; sourceTree = "<group>"; };
		AA44948826A5FB8B00E78128 /* FriendViewController.h */ = {isa = PBXFileReference; lastKnownFileType = sourcecode.c.h; path = FriendViewController.h; sourceTree = "<group>"; };
		AA44948926A5FB8B00E78128 /* FriendViewController.m */ = {isa = PBXFileReference; lastKnownFileType = sourcecode.c.objc; path = FriendViewController.m; sourceTree = "<group>"; };
		AA44948B26A61C8900E78128 /* SwipeUserCell.h */ = {isa = PBXFileReference; lastKnownFileType = sourcecode.c.h; path = SwipeUserCell.h; sourceTree = "<group>"; };
		AA44948C26A61C8900E78128 /* SwipeUserCell.m */ = {isa = PBXFileReference; lastKnownFileType = sourcecode.c.objc; path = SwipeUserCell.m; sourceTree = "<group>"; };
		AA44948E26A777EE00E78128 /* FriendProfileViewController.h */ = {isa = PBXFileReference; lastKnownFileType = sourcecode.c.h; path = FriendProfileViewController.h; sourceTree = "<group>"; };
		AA44948F26A777EE00E78128 /* FriendProfileViewController.m */ = {isa = PBXFileReference; lastKnownFileType = sourcecode.c.objc; path = FriendProfileViewController.m; sourceTree = "<group>"; };
		AA459CA826A0B2FD00E996B7 /* Challenge.h */ = {isa = PBXFileReference; lastKnownFileType = sourcecode.c.h; path = Challenge.h; sourceTree = "<group>"; };
		AA459CA926A0B2FD00E996B7 /* Challenge.m */ = {isa = PBXFileReference; lastKnownFileType = sourcecode.c.objc; path = Challenge.m; sourceTree = "<group>"; };
		AA46CBEB26A8757D00ED656D /* ChallengeFindViewController.h */ = {isa = PBXFileReference; lastKnownFileType = sourcecode.c.h; path = ChallengeFindViewController.h; sourceTree = "<group>"; };
		AA46CBEC26A8757D00ED656D /* ChallengeFindViewController.m */ = {isa = PBXFileReference; lastKnownFileType = sourcecode.c.objc; path = ChallengeFindViewController.m; sourceTree = "<group>"; };
		AA46CBEE26A879AE00ED656D /* ChallengeFindCell.h */ = {isa = PBXFileReference; lastKnownFileType = sourcecode.c.h; path = ChallengeFindCell.h; sourceTree = "<group>"; };
		AA46CBEF26A879AE00ED656D /* ChallengeFindCell.m */ = {isa = PBXFileReference; lastKnownFileType = sourcecode.c.objc; path = ChallengeFindCell.m; sourceTree = "<group>"; };
		AA46CBF126A8BBA600ED656D /* ChallengeDetailViewController.h */ = {isa = PBXFileReference; lastKnownFileType = sourcecode.c.h; path = ChallengeDetailViewController.h; sourceTree = "<group>"; };
		AA46CBF226A8BBA600ED656D /* ChallengeDetailViewController.m */ = {isa = PBXFileReference; lastKnownFileType = sourcecode.c.objc; path = ChallengeDetailViewController.m; sourceTree = "<group>"; };
		AA962F6326AA05630037229F /* RelatedChallengeCell.h */ = {isa = PBXFileReference; lastKnownFileType = sourcecode.c.h; path = RelatedChallengeCell.h; sourceTree = "<group>"; };
		AA962F6426AA05630037229F /* RelatedChallengeCell.m */ = {isa = PBXFileReference; lastKnownFileType = sourcecode.c.objc; path = RelatedChallengeCell.m; sourceTree = "<group>"; };
		AABB837226AB403D00A0484E /* ChallengeViewController.h */ = {isa = PBXFileReference; lastKnownFileType = sourcecode.c.h; path = ChallengeViewController.h; sourceTree = "<group>"; };
		AABB837326AB403D00A0484E /* ChallengeViewController.m */ = {isa = PBXFileReference; lastKnownFileType = sourcecode.c.objc; path = ChallengeViewController.m; sourceTree = "<group>"; };
		AABB837526AB441800A0484E /* LogViewController.h */ = {isa = PBXFileReference; lastKnownFileType = sourcecode.c.h; path = LogViewController.h; sourceTree = "<group>"; };
		AABB837626AB441800A0484E /* LogViewController.m */ = {isa = PBXFileReference; lastKnownFileType = sourcecode.c.objc; path = LogViewController.m; sourceTree = "<group>"; };
		AABB837826AB45A100A0484E /* DoneViewController.h */ = {isa = PBXFileReference; lastKnownFileType = sourcecode.c.h; path = DoneViewController.h; sourceTree = "<group>"; };
		AABB837926AB45A100A0484E /* DoneViewController.m */ = {isa = PBXFileReference; lastKnownFileType = sourcecode.c.objc; path = DoneViewController.m; sourceTree = "<group>"; };
		AADF7D8E269CAFAF00A6BC5E /* frenemies.app */ = {isa = PBXFileReference; explicitFileType = wrapper.application; includeInIndex = 0; path = frenemies.app; sourceTree = BUILT_PRODUCTS_DIR; };
		AADF7D91269CAFAF00A6BC5E /* AppDelegate.h */ = {isa = PBXFileReference; lastKnownFileType = sourcecode.c.h; path = AppDelegate.h; sourceTree = "<group>"; };
		AADF7D92269CAFAF00A6BC5E /* AppDelegate.m */ = {isa = PBXFileReference; lastKnownFileType = sourcecode.c.objc; path = AppDelegate.m; sourceTree = "<group>"; };
		AADF7D94269CAFAF00A6BC5E /* SceneDelegate.h */ = {isa = PBXFileReference; lastKnownFileType = sourcecode.c.h; path = SceneDelegate.h; sourceTree = "<group>"; };
		AADF7D95269CAFAF00A6BC5E /* SceneDelegate.m */ = {isa = PBXFileReference; lastKnownFileType = sourcecode.c.objc; path = SceneDelegate.m; sourceTree = "<group>"; };
		AADF7D97269CAFAF00A6BC5E /* ViewController.h */ = {isa = PBXFileReference; lastKnownFileType = sourcecode.c.h; path = ViewController.h; sourceTree = "<group>"; };
		AADF7D98269CAFAF00A6BC5E /* ViewController.m */ = {isa = PBXFileReference; lastKnownFileType = sourcecode.c.objc; path = ViewController.m; sourceTree = "<group>"; };
		AADF7D9B269CAFAF00A6BC5E /* Base */ = {isa = PBXFileReference; lastKnownFileType = file.storyboard; name = Base; path = Base.lproj/Main.storyboard; sourceTree = "<group>"; };
		AADF7D9D269CAFB000A6BC5E /* Assets.xcassets */ = {isa = PBXFileReference; lastKnownFileType = folder.assetcatalog; path = Assets.xcassets; sourceTree = "<group>"; };
		AADF7DA0269CAFB000A6BC5E /* Base */ = {isa = PBXFileReference; lastKnownFileType = file.storyboard; name = Base; path = Base.lproj/LaunchScreen.storyboard; sourceTree = "<group>"; };
		AADF7DA2269CAFB000A6BC5E /* Info.plist */ = {isa = PBXFileReference; lastKnownFileType = text.plist.xml; path = Info.plist; sourceTree = "<group>"; };
		AADF7DA3269CAFB000A6BC5E /* main.m */ = {isa = PBXFileReference; lastKnownFileType = sourcecode.c.objc; path = main.m; sourceTree = "<group>"; };
		AADF7DA9269CAFB000A6BC5E /* frenemiesTests.xctest */ = {isa = PBXFileReference; explicitFileType = wrapper.cfbundle; includeInIndex = 0; path = frenemiesTests.xctest; sourceTree = BUILT_PRODUCTS_DIR; };
		AADF7DAD269CAFB000A6BC5E /* frenemiesTests.m */ = {isa = PBXFileReference; lastKnownFileType = sourcecode.c.objc; path = frenemiesTests.m; sourceTree = "<group>"; };
		AADF7DAF269CAFB000A6BC5E /* Info.plist */ = {isa = PBXFileReference; lastKnownFileType = text.plist.xml; path = Info.plist; sourceTree = "<group>"; };
		AADF7DB4269CAFB000A6BC5E /* frenemiesUITests.xctest */ = {isa = PBXFileReference; explicitFileType = wrapper.cfbundle; includeInIndex = 0; path = frenemiesUITests.xctest; sourceTree = BUILT_PRODUCTS_DIR; };
		AADF7DB8269CAFB000A6BC5E /* frenemiesUITests.m */ = {isa = PBXFileReference; lastKnownFileType = sourcecode.c.objc; path = frenemiesUITests.m; sourceTree = "<group>"; };
		AADF7DBA269CAFB000A6BC5E /* Info.plist */ = {isa = PBXFileReference; lastKnownFileType = text.plist.xml; path = Info.plist; sourceTree = "<group>"; };
		AADF7DC7269CEBCA00A6BC5E /* LoginViewController.h */ = {isa = PBXFileReference; lastKnownFileType = sourcecode.c.h; path = LoginViewController.h; sourceTree = "<group>"; };
		AADF7DC8269CEBCA00A6BC5E /* LoginViewController.m */ = {isa = PBXFileReference; lastKnownFileType = sourcecode.c.objc; path = LoginViewController.m; sourceTree = "<group>"; };
		D8B7AB2FC98E795BE8937C8F /* Pods-frenemies-frenemiesUITests.release.xcconfig */ = {isa = PBXFileReference; includeInIndex = 1; lastKnownFileType = text.xcconfig; name = "Pods-frenemies-frenemiesUITests.release.xcconfig"; path = "Target Support Files/Pods-frenemies-frenemiesUITests/Pods-frenemies-frenemiesUITests.release.xcconfig"; sourceTree = "<group>"; };
		EA2B48AC51465C9DF86F7D86 /* Pods-frenemies.release.xcconfig */ = {isa = PBXFileReference; includeInIndex = 1; lastKnownFileType = text.xcconfig; name = "Pods-frenemies.release.xcconfig"; path = "Target Support Files/Pods-frenemies/Pods-frenemies.release.xcconfig"; sourceTree = "<group>"; };
/* End PBXFileReference section */

/* Begin PBXFrameworksBuildPhase section */
		AADF7D8B269CAFAF00A6BC5E /* Frameworks */ = {
			isa = PBXFrameworksBuildPhase;
			buildActionMask = 2147483647;
			files = (
				E82AA638465FD56F4E0D3CD9 /* Pods_frenemies.framework in Frameworks */,
			);
			runOnlyForDeploymentPostprocessing = 0;
		};
		AADF7DA6269CAFB000A6BC5E /* Frameworks */ = {
			isa = PBXFrameworksBuildPhase;
			buildActionMask = 2147483647;
			files = (
				CBAA6E0BDBC2CC498B021EC4 /* Pods_frenemiesTests.framework in Frameworks */,
			);
			runOnlyForDeploymentPostprocessing = 0;
		};
		AADF7DB1269CAFB000A6BC5E /* Frameworks */ = {
			isa = PBXFrameworksBuildPhase;
			buildActionMask = 2147483647;
			files = (
				2212D0A12707F72601DAE7A1 /* Pods_frenemies_frenemiesUITests.framework in Frameworks */,
			);
			runOnlyForDeploymentPostprocessing = 0;
		};
/* End PBXFrameworksBuildPhase section */

/* Begin PBXGroup section */
		33BB7757C8F8C93B83756373 /* Pods */ = {
			isa = PBXGroup;
			children = (
				72C59350E77F21961A3B9B88 /* Pods-frenemies.debug.xcconfig */,
				EA2B48AC51465C9DF86F7D86 /* Pods-frenemies.release.xcconfig */,
				171EE3FBB27CCADF50664BBF /* Pods-frenemies-frenemiesUITests.debug.xcconfig */,
				D8B7AB2FC98E795BE8937C8F /* Pods-frenemies-frenemiesUITests.release.xcconfig */,
				6FCB02DDDCE8DEA372E51C1C /* Pods-frenemiesTests.debug.xcconfig */,
				35F626D86E283C5E2306394A /* Pods-frenemiesTests.release.xcconfig */,
			);
			path = Pods;
			sourceTree = "<group>";
		};
		93C90D2E56E9275291A6E679 /* Frameworks */ = {
			isa = PBXGroup;
			children = (
				3702435EB8E711C0C0013243 /* Pods_frenemies.framework */,
				40FD82E4BF510242883CD936 /* Pods_frenemies_frenemiesUITests.framework */,
				79A99CDD99B473C155BB11CF /* Pods_frenemiesTests.framework */,
			);
			name = Frameworks;
			sourceTree = "<group>";
		};
		AA34998C269F9D2000DCC7E7 /* Models */ = {
			isa = PBXGroup;
			children = (
				AA459CA826A0B2FD00E996B7 /* Challenge.h */,
				AA459CA926A0B2FD00E996B7 /* Challenge.m */,
			);
			path = Models;
			sourceTree = "<group>";
		};
		AA34998D269F9D2800DCC7E7 /* Views */ = {
			isa = PBXGroup;
			children = (
				AA34998E269F9D4400DCC7E7 /* FeedCell.h */,
				AA34998F269F9D4400DCC7E7 /* FeedCell.m */,
				AA349991269F9D6100DCC7E7 /* FriendCell.h */,
				AA349992269F9D6100DCC7E7 /* FriendCell.m */,
				AA349994269F9D7100DCC7E7 /* TagCell.h */,
				AA349995269F9D7100DCC7E7 /* TagCell.m */,
				AA44948B26A61C8900E78128 /* SwipeUserCell.h */,
				AA44948C26A61C8900E78128 /* SwipeUserCell.m */,
				AA46CBEE26A879AE00ED656D /* ChallengeFindCell.h */,
				AA46CBEF26A879AE00ED656D /* ChallengeFindCell.m */,
				AA962F6326AA05630037229F /* RelatedChallengeCell.h */,
				AA962F6426AA05630037229F /* RelatedChallengeCell.m */,
			);
			path = Views;
			sourceTree = "<group>";
		};
		AADF7D85269CAFAF00A6BC5E = {
			isa = PBXGroup;
			children = (
				AADF7D90269CAFAF00A6BC5E /* frenemies */,
				AADF7DAC269CAFB000A6BC5E /* frenemiesTests */,
				AADF7DB7269CAFB000A6BC5E /* frenemiesUITests */,
				AADF7D8F269CAFAF00A6BC5E /* Products */,
				33BB7757C8F8C93B83756373 /* Pods */,
				93C90D2E56E9275291A6E679 /* Frameworks */,
			);
			sourceTree = "<group>";
		};
		AADF7D8F269CAFAF00A6BC5E /* Products */ = {
			isa = PBXGroup;
			children = (
				AADF7D8E269CAFAF00A6BC5E /* frenemies.app */,
				AADF7DA9269CAFB000A6BC5E /* frenemiesTests.xctest */,
				AADF7DB4269CAFB000A6BC5E /* frenemiesUITests.xctest */,
			);
			name = Products;
			sourceTree = "<group>";
		};
		AADF7D90269CAFAF00A6BC5E /* frenemies */ = {
			isa = PBXGroup;
			children = (
				AA34998D269F9D2800DCC7E7 /* Views */,
				AA34998C269F9D2000DCC7E7 /* Models */,
				AADF7DC6269CEB9C00A6BC5E /* View Controllers */,
				AADF7D91269CAFAF00A6BC5E /* AppDelegate.h */,
				AADF7D92269CAFAF00A6BC5E /* AppDelegate.m */,
				AADF7D94269CAFAF00A6BC5E /* SceneDelegate.h */,
				AADF7D95269CAFAF00A6BC5E /* SceneDelegate.m */,
				AADF7D97269CAFAF00A6BC5E /* ViewController.h */,
				AADF7D98269CAFAF00A6BC5E /* ViewController.m */,
				AADF7D9A269CAFAF00A6BC5E /* Main.storyboard */,
				AADF7D9D269CAFB000A6BC5E /* Assets.xcassets */,
				AADF7D9F269CAFB000A6BC5E /* LaunchScreen.storyboard */,
				AADF7DA2269CAFB000A6BC5E /* Info.plist */,
				AADF7DA3269CAFB000A6BC5E /* main.m */,
			);
			path = frenemies;
			sourceTree = "<group>";
		};
		AADF7DAC269CAFB000A6BC5E /* frenemiesTests */ = {
			isa = PBXGroup;
			children = (
				AADF7DAD269CAFB000A6BC5E /* frenemiesTests.m */,
				AADF7DAF269CAFB000A6BC5E /* Info.plist */,
			);
			path = frenemiesTests;
			sourceTree = "<group>";
		};
		AADF7DB7269CAFB000A6BC5E /* frenemiesUITests */ = {
			isa = PBXGroup;
			children = (
				AADF7DB8269CAFB000A6BC5E /* frenemiesUITests.m */,
				AADF7DBA269CAFB000A6BC5E /* Info.plist */,
			);
			path = frenemiesUITests;
			sourceTree = "<group>";
		};
		AADF7DC6269CEB9C00A6BC5E /* View Controllers */ = {
			isa = PBXGroup;
			children = (
				AADF7DC7269CEBCA00A6BC5E /* LoginViewController.h */,
				AADF7DC8269CEBCA00A6BC5E /* LoginViewController.m */,
				AA349980269E137500DCC7E7 /* SignUpViewController.h */,
				AA349981269E137500DCC7E7 /* SignUpViewController.m */,
				AA349983269E1DF100DCC7E7 /* FeedViewController.h */,
				AA349984269E1DF100DCC7E7 /* FeedViewController.m */,
				AA349986269E1E1700DCC7E7 /* CreateViewController.h */,
				AA349987269E1E1700DCC7E7 /* CreateViewController.m */,
				AA349989269F785900DCC7E7 /* ProfileViewController.h */,
				AA34998A269F785900DCC7E7 /* ProfileViewController.m */,
				AA44948826A5FB8B00E78128 /* FriendViewController.h */,
				AA44948926A5FB8B00E78128 /* FriendViewController.m */,
				AA44948E26A777EE00E78128 /* FriendProfileViewController.h */,
				AA44948F26A777EE00E78128 /* FriendProfileViewController.m */,
				AA46CBEB26A8757D00ED656D /* ChallengeFindViewController.h */,
				AA46CBEC26A8757D00ED656D /* ChallengeFindViewController.m */,
				AA46CBF126A8BBA600ED656D /* ChallengeDetailViewController.h */,
				AA46CBF226A8BBA600ED656D /* ChallengeDetailViewController.m */,
				AABB837226AB403D00A0484E /* ChallengeViewController.h */,
				AABB837326AB403D00A0484E /* ChallengeViewController.m */,
				AABB837526AB441800A0484E /* LogViewController.h */,
				AABB837626AB441800A0484E /* LogViewController.m */,
				AABB837826AB45A100A0484E /* DoneViewController.h */,
				AABB837926AB45A100A0484E /* DoneViewController.m */,
			);
			path = "View Controllers";
			sourceTree = "<group>";
		};
/* End PBXGroup section */

/* Begin PBXNativeTarget section */
		AADF7D8D269CAFAF00A6BC5E /* frenemies */ = {
			isa = PBXNativeTarget;
			buildConfigurationList = AADF7DBD269CAFB000A6BC5E /* Build configuration list for PBXNativeTarget "frenemies" */;
			buildPhases = (
				AD8A4C5ACEB416D5293C422C /* [CP] Check Pods Manifest.lock */,
				AADF7D8A269CAFAF00A6BC5E /* Sources */,
				AADF7D8B269CAFAF00A6BC5E /* Frameworks */,
				AADF7D8C269CAFAF00A6BC5E /* Resources */,
				C2C2A8CB626BD9EB95314F95 /* [CP] Embed Pods Frameworks */,
			);
			buildRules = (
			);
			dependencies = (
			);
			name = frenemies;
			productName = frenemies;
			productReference = AADF7D8E269CAFAF00A6BC5E /* frenemies.app */;
			productType = "com.apple.product-type.application";
		};
		AADF7DA8269CAFB000A6BC5E /* frenemiesTests */ = {
			isa = PBXNativeTarget;
			buildConfigurationList = AADF7DC0269CAFB000A6BC5E /* Build configuration list for PBXNativeTarget "frenemiesTests" */;
			buildPhases = (
				C04B09EE2FEED669649EB3B1 /* [CP] Check Pods Manifest.lock */,
				AADF7DA5269CAFB000A6BC5E /* Sources */,
				AADF7DA6269CAFB000A6BC5E /* Frameworks */,
				AADF7DA7269CAFB000A6BC5E /* Resources */,
			);
			buildRules = (
			);
			dependencies = (
				AADF7DAB269CAFB000A6BC5E /* PBXTargetDependency */,
			);
			name = frenemiesTests;
			productName = frenemiesTests;
			productReference = AADF7DA9269CAFB000A6BC5E /* frenemiesTests.xctest */;
			productType = "com.apple.product-type.bundle.unit-test";
		};
		AADF7DB3269CAFB000A6BC5E /* frenemiesUITests */ = {
			isa = PBXNativeTarget;
			buildConfigurationList = AADF7DC3269CAFB000A6BC5E /* Build configuration list for PBXNativeTarget "frenemiesUITests" */;
			buildPhases = (
				90FAABF899311A4119243B11 /* [CP] Check Pods Manifest.lock */,
				AADF7DB0269CAFB000A6BC5E /* Sources */,
				AADF7DB1269CAFB000A6BC5E /* Frameworks */,
				AADF7DB2269CAFB000A6BC5E /* Resources */,
				10F411AB28E7D8F455951E41 /* [CP] Embed Pods Frameworks */,
			);
			buildRules = (
			);
			dependencies = (
				AADF7DB6269CAFB000A6BC5E /* PBXTargetDependency */,
			);
			name = frenemiesUITests;
			productName = frenemiesUITests;
			productReference = AADF7DB4269CAFB000A6BC5E /* frenemiesUITests.xctest */;
			productType = "com.apple.product-type.bundle.ui-testing";
		};
/* End PBXNativeTarget section */

/* Begin PBXProject section */
		AADF7D86269CAFAF00A6BC5E /* Project object */ = {
			isa = PBXProject;
			attributes = {
				LastUpgradeCheck = 1250;
				TargetAttributes = {
					AADF7D8D269CAFAF00A6BC5E = {
						CreatedOnToolsVersion = 12.5.1;
					};
					AADF7DA8269CAFB000A6BC5E = {
						CreatedOnToolsVersion = 12.5.1;
						TestTargetID = AADF7D8D269CAFAF00A6BC5E;
					};
					AADF7DB3269CAFB000A6BC5E = {
						CreatedOnToolsVersion = 12.5.1;
						TestTargetID = AADF7D8D269CAFAF00A6BC5E;
					};
				};
			};
			buildConfigurationList = AADF7D89269CAFAF00A6BC5E /* Build configuration list for PBXProject "frenemies" */;
			compatibilityVersion = "Xcode 9.3";
			developmentRegion = en;
			hasScannedForEncodings = 0;
			knownRegions = (
				en,
				Base,
			);
			mainGroup = AADF7D85269CAFAF00A6BC5E;
			productRefGroup = AADF7D8F269CAFAF00A6BC5E /* Products */;
			projectDirPath = "";
			projectRoot = "";
			targets = (
				AADF7D8D269CAFAF00A6BC5E /* frenemies */,
				AADF7DA8269CAFB000A6BC5E /* frenemiesTests */,
				AADF7DB3269CAFB000A6BC5E /* frenemiesUITests */,
			);
		};
/* End PBXProject section */

/* Begin PBXResourcesBuildPhase section */
		AADF7D8C269CAFAF00A6BC5E /* Resources */ = {
			isa = PBXResourcesBuildPhase;
			buildActionMask = 2147483647;
			files = (
				AADF7DA1269CAFB000A6BC5E /* LaunchScreen.storyboard in Resources */,
				AADF7D9E269CAFB000A6BC5E /* Assets.xcassets in Resources */,
				AADF7D9C269CAFAF00A6BC5E /* Main.storyboard in Resources */,
			);
			runOnlyForDeploymentPostprocessing = 0;
		};
		AADF7DA7269CAFB000A6BC5E /* Resources */ = {
			isa = PBXResourcesBuildPhase;
			buildActionMask = 2147483647;
			files = (
			);
			runOnlyForDeploymentPostprocessing = 0;
		};
		AADF7DB2269CAFB000A6BC5E /* Resources */ = {
			isa = PBXResourcesBuildPhase;
			buildActionMask = 2147483647;
			files = (
			);
			runOnlyForDeploymentPostprocessing = 0;
		};
/* End PBXResourcesBuildPhase section */

/* Begin PBXShellScriptBuildPhase section */
		10F411AB28E7D8F455951E41 /* [CP] Embed Pods Frameworks */ = {
			isa = PBXShellScriptBuildPhase;
			buildActionMask = 2147483647;
			files = (
			);
			inputFileListPaths = (
				"${PODS_ROOT}/Target Support Files/Pods-frenemies-frenemiesUITests/Pods-frenemies-frenemiesUITests-frameworks-${CONFIGURATION}-input-files.xcfilelist",
			);
			name = "[CP] Embed Pods Frameworks";
			outputFileListPaths = (
				"${PODS_ROOT}/Target Support Files/Pods-frenemies-frenemiesUITests/Pods-frenemies-frenemiesUITests-frameworks-${CONFIGURATION}-output-files.xcfilelist",
			);
			runOnlyForDeploymentPostprocessing = 0;
			shellPath = /bin/sh;
			shellScript = "\"${PODS_ROOT}/Target Support Files/Pods-frenemies-frenemiesUITests/Pods-frenemies-frenemiesUITests-frameworks.sh\"\n";
			showEnvVarsInLog = 0;
		};
		90FAABF899311A4119243B11 /* [CP] Check Pods Manifest.lock */ = {
			isa = PBXShellScriptBuildPhase;
			buildActionMask = 2147483647;
			files = (
			);
			inputFileListPaths = (
			);
			inputPaths = (
				"${PODS_PODFILE_DIR_PATH}/Podfile.lock",
				"${PODS_ROOT}/Manifest.lock",
			);
			name = "[CP] Check Pods Manifest.lock";
			outputFileListPaths = (
			);
			outputPaths = (
				"$(DERIVED_FILE_DIR)/Pods-frenemies-frenemiesUITests-checkManifestLockResult.txt",
			);
			runOnlyForDeploymentPostprocessing = 0;
			shellPath = /bin/sh;
			shellScript = "diff \"${PODS_PODFILE_DIR_PATH}/Podfile.lock\" \"${PODS_ROOT}/Manifest.lock\" > /dev/null\nif [ $? != 0 ] ; then\n    # print error to STDERR\n    echo \"error: The sandbox is not in sync with the Podfile.lock. Run 'pod install' or update your CocoaPods installation.\" >&2\n    exit 1\nfi\n# This output is used by Xcode 'outputs' to avoid re-running this script phase.\necho \"SUCCESS\" > \"${SCRIPT_OUTPUT_FILE_0}\"\n";
			showEnvVarsInLog = 0;
		};
		AD8A4C5ACEB416D5293C422C /* [CP] Check Pods Manifest.lock */ = {
			isa = PBXShellScriptBuildPhase;
			buildActionMask = 2147483647;
			files = (
			);
			inputFileListPaths = (
			);
			inputPaths = (
				"${PODS_PODFILE_DIR_PATH}/Podfile.lock",
				"${PODS_ROOT}/Manifest.lock",
			);
			name = "[CP] Check Pods Manifest.lock";
			outputFileListPaths = (
			);
			outputPaths = (
				"$(DERIVED_FILE_DIR)/Pods-frenemies-checkManifestLockResult.txt",
			);
			runOnlyForDeploymentPostprocessing = 0;
			shellPath = /bin/sh;
			shellScript = "diff \"${PODS_PODFILE_DIR_PATH}/Podfile.lock\" \"${PODS_ROOT}/Manifest.lock\" > /dev/null\nif [ $? != 0 ] ; then\n    # print error to STDERR\n    echo \"error: The sandbox is not in sync with the Podfile.lock. Run 'pod install' or update your CocoaPods installation.\" >&2\n    exit 1\nfi\n# This output is used by Xcode 'outputs' to avoid re-running this script phase.\necho \"SUCCESS\" > \"${SCRIPT_OUTPUT_FILE_0}\"\n";
			showEnvVarsInLog = 0;
		};
		C04B09EE2FEED669649EB3B1 /* [CP] Check Pods Manifest.lock */ = {
			isa = PBXShellScriptBuildPhase;
			buildActionMask = 2147483647;
			files = (
			);
			inputFileListPaths = (
			);
			inputPaths = (
				"${PODS_PODFILE_DIR_PATH}/Podfile.lock",
				"${PODS_ROOT}/Manifest.lock",
			);
			name = "[CP] Check Pods Manifest.lock";
			outputFileListPaths = (
			);
			outputPaths = (
				"$(DERIVED_FILE_DIR)/Pods-frenemiesTests-checkManifestLockResult.txt",
			);
			runOnlyForDeploymentPostprocessing = 0;
			shellPath = /bin/sh;
			shellScript = "diff \"${PODS_PODFILE_DIR_PATH}/Podfile.lock\" \"${PODS_ROOT}/Manifest.lock\" > /dev/null\nif [ $? != 0 ] ; then\n    # print error to STDERR\n    echo \"error: The sandbox is not in sync with the Podfile.lock. Run 'pod install' or update your CocoaPods installation.\" >&2\n    exit 1\nfi\n# This output is used by Xcode 'outputs' to avoid re-running this script phase.\necho \"SUCCESS\" > \"${SCRIPT_OUTPUT_FILE_0}\"\n";
			showEnvVarsInLog = 0;
		};
		C2C2A8CB626BD9EB95314F95 /* [CP] Embed Pods Frameworks */ = {
			isa = PBXShellScriptBuildPhase;
			buildActionMask = 2147483647;
			files = (
			);
			inputFileListPaths = (
				"${PODS_ROOT}/Target Support Files/Pods-frenemies/Pods-frenemies-frameworks-${CONFIGURATION}-input-files.xcfilelist",
			);
			name = "[CP] Embed Pods Frameworks";
			outputFileListPaths = (
				"${PODS_ROOT}/Target Support Files/Pods-frenemies/Pods-frenemies-frameworks-${CONFIGURATION}-output-files.xcfilelist",
			);
			runOnlyForDeploymentPostprocessing = 0;
			shellPath = /bin/sh;
			shellScript = "\"${PODS_ROOT}/Target Support Files/Pods-frenemies/Pods-frenemies-frameworks.sh\"\n";
			showEnvVarsInLog = 0;
		};
/* End PBXShellScriptBuildPhase section */

/* Begin PBXSourcesBuildPhase section */
		AADF7D8A269CAFAF00A6BC5E /* Sources */ = {
			isa = PBXSourcesBuildPhase;
			buildActionMask = 2147483647;
			files = (
				AA44949026A777EE00E78128 /* FriendProfileViewController.m in Sources */,
				AA349996269F9D7100DCC7E7 /* TagCell.m in Sources */,
				AADF7D99269CAFAF00A6BC5E /* ViewController.m in Sources */,
				AABB837426AB403D00A0484E /* ChallengeViewController.m in Sources */,
				AA349990269F9D4400DCC7E7 /* FeedCell.m in Sources */,
				AA44948D26A61C8900E78128 /* SwipeUserCell.m in Sources */,
				AA34998B269F785900DCC7E7 /* ProfileViewController.m in Sources */,
				AABB837A26AB45A100A0484E /* DoneViewController.m in Sources */,
				AA46CBF026A879AE00ED656D /* ChallengeFindCell.m in Sources */,
				AA44948A26A5FB8B00E78128 /* FriendViewController.m in Sources */,
				AADF7D93269CAFAF00A6BC5E /* AppDelegate.m in Sources */,
				AA46CBF326A8BBA600ED656D /* ChallengeDetailViewController.m in Sources */,
				AA349985269E1DF100DCC7E7 /* FeedViewController.m in Sources */,
				AA349982269E137500DCC7E7 /* SignUpViewController.m in Sources */,
				AA349988269E1E1700DCC7E7 /* CreateViewController.m in Sources */,
				AA459CAA26A0B2FD00E996B7 /* Challenge.m in Sources */,
				AADF7DA4269CAFB000A6BC5E /* main.m in Sources */,
				AA46CBED26A8757D00ED656D /* ChallengeFindViewController.m in Sources */,
				AADF7D96269CAFAF00A6BC5E /* SceneDelegate.m in Sources */,
				AA962F6526AA05630037229F /* RelatedChallengeCell.m in Sources */,
				AADF7DC9269CEBCA00A6BC5E /* LoginViewController.m in Sources */,
				AA349993269F9D6100DCC7E7 /* FriendCell.m in Sources */,
				AABB837726AB441800A0484E /* LogViewController.m in Sources */,
			);
			runOnlyForDeploymentPostprocessing = 0;
		};
		AADF7DA5269CAFB000A6BC5E /* Sources */ = {
			isa = PBXSourcesBuildPhase;
			buildActionMask = 2147483647;
			files = (
				AADF7DAE269CAFB000A6BC5E /* frenemiesTests.m in Sources */,
			);
			runOnlyForDeploymentPostprocessing = 0;
		};
		AADF7DB0269CAFB000A6BC5E /* Sources */ = {
			isa = PBXSourcesBuildPhase;
			buildActionMask = 2147483647;
			files = (
				AADF7DB9269CAFB000A6BC5E /* frenemiesUITests.m in Sources */,
			);
			runOnlyForDeploymentPostprocessing = 0;
		};
/* End PBXSourcesBuildPhase section */

/* Begin PBXTargetDependency section */
		AADF7DAB269CAFB000A6BC5E /* PBXTargetDependency */ = {
			isa = PBXTargetDependency;
			target = AADF7D8D269CAFAF00A6BC5E /* frenemies */;
			targetProxy = AADF7DAA269CAFB000A6BC5E /* PBXContainerItemProxy */;
		};
		AADF7DB6269CAFB000A6BC5E /* PBXTargetDependency */ = {
			isa = PBXTargetDependency;
			target = AADF7D8D269CAFAF00A6BC5E /* frenemies */;
			targetProxy = AADF7DB5269CAFB000A6BC5E /* PBXContainerItemProxy */;
		};
/* End PBXTargetDependency section */

/* Begin PBXVariantGroup section */
		AADF7D9A269CAFAF00A6BC5E /* Main.storyboard */ = {
			isa = PBXVariantGroup;
			children = (
				AADF7D9B269CAFAF00A6BC5E /* Base */,
			);
			name = Main.storyboard;
			sourceTree = "<group>";
		};
		AADF7D9F269CAFB000A6BC5E /* LaunchScreen.storyboard */ = {
			isa = PBXVariantGroup;
			children = (
				AADF7DA0269CAFB000A6BC5E /* Base */,
			);
			name = LaunchScreen.storyboard;
			sourceTree = "<group>";
		};
/* End PBXVariantGroup section */

/* Begin XCBuildConfiguration section */
		AADF7DBB269CAFB000A6BC5E /* Debug */ = {
			isa = XCBuildConfiguration;
			buildSettings = {
				ALWAYS_SEARCH_USER_PATHS = NO;
				CLANG_ANALYZER_NONNULL = YES;
				CLANG_ANALYZER_NUMBER_OBJECT_CONVERSION = YES_AGGRESSIVE;
				CLANG_CXX_LANGUAGE_STANDARD = "gnu++14";
				CLANG_CXX_LIBRARY = "libc++";
				CLANG_ENABLE_MODULES = YES;
				CLANG_ENABLE_OBJC_ARC = YES;
				CLANG_ENABLE_OBJC_WEAK = YES;
				CLANG_WARN_BLOCK_CAPTURE_AUTORELEASING = YES;
				CLANG_WARN_BOOL_CONVERSION = YES;
				CLANG_WARN_COMMA = YES;
				CLANG_WARN_CONSTANT_CONVERSION = YES;
				CLANG_WARN_DEPRECATED_OBJC_IMPLEMENTATIONS = YES;
				CLANG_WARN_DIRECT_OBJC_ISA_USAGE = YES_ERROR;
				CLANG_WARN_DOCUMENTATION_COMMENTS = YES;
				CLANG_WARN_EMPTY_BODY = YES;
				CLANG_WARN_ENUM_CONVERSION = YES;
				CLANG_WARN_INFINITE_RECURSION = YES;
				CLANG_WARN_INT_CONVERSION = YES;
				CLANG_WARN_NON_LITERAL_NULL_CONVERSION = YES;
				CLANG_WARN_OBJC_IMPLICIT_RETAIN_SELF = YES;
				CLANG_WARN_OBJC_LITERAL_CONVERSION = YES;
				CLANG_WARN_OBJC_ROOT_CLASS = YES_ERROR;
				CLANG_WARN_QUOTED_INCLUDE_IN_FRAMEWORK_HEADER = YES;
				CLANG_WARN_RANGE_LOOP_ANALYSIS = YES;
				CLANG_WARN_STRICT_PROTOTYPES = YES;
				CLANG_WARN_SUSPICIOUS_MOVE = YES;
				CLANG_WARN_UNGUARDED_AVAILABILITY = YES_AGGRESSIVE;
				CLANG_WARN_UNREACHABLE_CODE = YES;
				CLANG_WARN__DUPLICATE_METHOD_MATCH = YES;
				COPY_PHASE_STRIP = NO;
				DEBUG_INFORMATION_FORMAT = dwarf;
				ENABLE_STRICT_OBJC_MSGSEND = YES;
				ENABLE_TESTABILITY = YES;
				GCC_C_LANGUAGE_STANDARD = gnu11;
				GCC_DYNAMIC_NO_PIC = NO;
				GCC_NO_COMMON_BLOCKS = YES;
				GCC_OPTIMIZATION_LEVEL = 0;
				GCC_PREPROCESSOR_DEFINITIONS = (
					"DEBUG=1",
					"$(inherited)",
				);
				GCC_WARN_64_TO_32_BIT_CONVERSION = YES;
				GCC_WARN_ABOUT_RETURN_TYPE = YES_ERROR;
				GCC_WARN_UNDECLARED_SELECTOR = YES;
				GCC_WARN_UNINITIALIZED_AUTOS = YES_AGGRESSIVE;
				GCC_WARN_UNUSED_FUNCTION = YES;
				GCC_WARN_UNUSED_VARIABLE = YES;
				IPHONEOS_DEPLOYMENT_TARGET = 14.5;
				MTL_ENABLE_DEBUG_INFO = INCLUDE_SOURCE;
				MTL_FAST_MATH = YES;
				ONLY_ACTIVE_ARCH = YES;
				SDKROOT = iphoneos;
			};
			name = Debug;
		};
		AADF7DBC269CAFB000A6BC5E /* Release */ = {
			isa = XCBuildConfiguration;
			buildSettings = {
				ALWAYS_SEARCH_USER_PATHS = NO;
				CLANG_ANALYZER_NONNULL = YES;
				CLANG_ANALYZER_NUMBER_OBJECT_CONVERSION = YES_AGGRESSIVE;
				CLANG_CXX_LANGUAGE_STANDARD = "gnu++14";
				CLANG_CXX_LIBRARY = "libc++";
				CLANG_ENABLE_MODULES = YES;
				CLANG_ENABLE_OBJC_ARC = YES;
				CLANG_ENABLE_OBJC_WEAK = YES;
				CLANG_WARN_BLOCK_CAPTURE_AUTORELEASING = YES;
				CLANG_WARN_BOOL_CONVERSION = YES;
				CLANG_WARN_COMMA = YES;
				CLANG_WARN_CONSTANT_CONVERSION = YES;
				CLANG_WARN_DEPRECATED_OBJC_IMPLEMENTATIONS = YES;
				CLANG_WARN_DIRECT_OBJC_ISA_USAGE = YES_ERROR;
				CLANG_WARN_DOCUMENTATION_COMMENTS = YES;
				CLANG_WARN_EMPTY_BODY = YES;
				CLANG_WARN_ENUM_CONVERSION = YES;
				CLANG_WARN_INFINITE_RECURSION = YES;
				CLANG_WARN_INT_CONVERSION = YES;
				CLANG_WARN_NON_LITERAL_NULL_CONVERSION = YES;
				CLANG_WARN_OBJC_IMPLICIT_RETAIN_SELF = YES;
				CLANG_WARN_OBJC_LITERAL_CONVERSION = YES;
				CLANG_WARN_OBJC_ROOT_CLASS = YES_ERROR;
				CLANG_WARN_QUOTED_INCLUDE_IN_FRAMEWORK_HEADER = YES;
				CLANG_WARN_RANGE_LOOP_ANALYSIS = YES;
				CLANG_WARN_STRICT_PROTOTYPES = YES;
				CLANG_WARN_SUSPICIOUS_MOVE = YES;
				CLANG_WARN_UNGUARDED_AVAILABILITY = YES_AGGRESSIVE;
				CLANG_WARN_UNREACHABLE_CODE = YES;
				CLANG_WARN__DUPLICATE_METHOD_MATCH = YES;
				COPY_PHASE_STRIP = NO;
				DEBUG_INFORMATION_FORMAT = "dwarf-with-dsym";
				ENABLE_NS_ASSERTIONS = NO;
				ENABLE_STRICT_OBJC_MSGSEND = YES;
				GCC_C_LANGUAGE_STANDARD = gnu11;
				GCC_NO_COMMON_BLOCKS = YES;
				GCC_WARN_64_TO_32_BIT_CONVERSION = YES;
				GCC_WARN_ABOUT_RETURN_TYPE = YES_ERROR;
				GCC_WARN_UNDECLARED_SELECTOR = YES;
				GCC_WARN_UNINITIALIZED_AUTOS = YES_AGGRESSIVE;
				GCC_WARN_UNUSED_FUNCTION = YES;
				GCC_WARN_UNUSED_VARIABLE = YES;
				IPHONEOS_DEPLOYMENT_TARGET = 14.5;
				MTL_ENABLE_DEBUG_INFO = NO;
				MTL_FAST_MATH = YES;
				SDKROOT = iphoneos;
				VALIDATE_PRODUCT = YES;
			};
			name = Release;
		};
		AADF7DBE269CAFB000A6BC5E /* Debug */ = {
			isa = XCBuildConfiguration;
			baseConfigurationReference = 72C59350E77F21961A3B9B88 /* Pods-frenemies.debug.xcconfig */;
			buildSettings = {
				ASSETCATALOG_COMPILER_APPICON_NAME = AppIcon;
				ASSETCATALOG_COMPILER_GLOBAL_ACCENT_COLOR_NAME = AccentColor;
				CODE_SIGN_STYLE = Automatic;
				DEVELOPMENT_TEAM = F87X6892G9;
				INFOPLIST_FILE = frenemies/Info.plist;
				LD_RUNPATH_SEARCH_PATHS = (
					"$(inherited)",
					"@executable_path/Frameworks",
				);
				PRODUCT_BUNDLE_IDENTIFIER = com.ljyao.frenemies;
				PRODUCT_NAME = "$(TARGET_NAME)";
				TARGETED_DEVICE_FAMILY = "1,2";
			};
			name = Debug;
		};
		AADF7DBF269CAFB000A6BC5E /* Release */ = {
			isa = XCBuildConfiguration;
			baseConfigurationReference = EA2B48AC51465C9DF86F7D86 /* Pods-frenemies.release.xcconfig */;
			buildSettings = {
				ASSETCATALOG_COMPILER_APPICON_NAME = AppIcon;
				ASSETCATALOG_COMPILER_GLOBAL_ACCENT_COLOR_NAME = AccentColor;
				CODE_SIGN_STYLE = Automatic;
				DEVELOPMENT_TEAM = F87X6892G9;
				INFOPLIST_FILE = frenemies/Info.plist;
				LD_RUNPATH_SEARCH_PATHS = (
					"$(inherited)",
					"@executable_path/Frameworks",
				);
				PRODUCT_BUNDLE_IDENTIFIER = com.ljyao.frenemies;
				PRODUCT_NAME = "$(TARGET_NAME)";
				TARGETED_DEVICE_FAMILY = "1,2";
			};
			name = Release;
		};
		AADF7DC1269CAFB000A6BC5E /* Debug */ = {
			isa = XCBuildConfiguration;
			baseConfigurationReference = 6FCB02DDDCE8DEA372E51C1C /* Pods-frenemiesTests.debug.xcconfig */;
			buildSettings = {
				BUNDLE_LOADER = "$(TEST_HOST)";
				CODE_SIGN_STYLE = Automatic;
				DEVELOPMENT_TEAM = F87X6892G9;
				INFOPLIST_FILE = frenemiesTests/Info.plist;
				IPHONEOS_DEPLOYMENT_TARGET = 14.5;
				LD_RUNPATH_SEARCH_PATHS = (
					"$(inherited)",
					"@executable_path/Frameworks",
					"@loader_path/Frameworks",
				);
				PRODUCT_BUNDLE_IDENTIFIER = com.ljyao.frenemiesTests;
				PRODUCT_NAME = "$(TARGET_NAME)";
				TARGETED_DEVICE_FAMILY = "1,2";
				TEST_HOST = "$(BUILT_PRODUCTS_DIR)/frenemies.app/frenemies";
			};
			name = Debug;
		};
		AADF7DC2269CAFB000A6BC5E /* Release */ = {
			isa = XCBuildConfiguration;
			baseConfigurationReference = 35F626D86E283C5E2306394A /* Pods-frenemiesTests.release.xcconfig */;
			buildSettings = {
				BUNDLE_LOADER = "$(TEST_HOST)";
				CODE_SIGN_STYLE = Automatic;
				DEVELOPMENT_TEAM = F87X6892G9;
				INFOPLIST_FILE = frenemiesTests/Info.plist;
				IPHONEOS_DEPLOYMENT_TARGET = 14.5;
				LD_RUNPATH_SEARCH_PATHS = (
					"$(inherited)",
					"@executable_path/Frameworks",
					"@loader_path/Frameworks",
				);
				PRODUCT_BUNDLE_IDENTIFIER = com.ljyao.frenemiesTests;
				PRODUCT_NAME = "$(TARGET_NAME)";
				TARGETED_DEVICE_FAMILY = "1,2";
				TEST_HOST = "$(BUILT_PRODUCTS_DIR)/frenemies.app/frenemies";
			};
			name = Release;
		};
		AADF7DC4269CAFB000A6BC5E /* Debug */ = {
			isa = XCBuildConfiguration;
			baseConfigurationReference = 171EE3FBB27CCADF50664BBF /* Pods-frenemies-frenemiesUITests.debug.xcconfig */;
			buildSettings = {
				CODE_SIGN_STYLE = Automatic;
				DEVELOPMENT_TEAM = F87X6892G9;
				INFOPLIST_FILE = frenemiesUITests/Info.plist;
				LD_RUNPATH_SEARCH_PATHS = (
					"$(inherited)",
					"@executable_path/Frameworks",
					"@loader_path/Frameworks",
				);
				PRODUCT_BUNDLE_IDENTIFIER = com.ljyao.frenemiesUITests;
				PRODUCT_NAME = "$(TARGET_NAME)";
				TARGETED_DEVICE_FAMILY = "1,2";
				TEST_TARGET_NAME = frenemies;
			};
			name = Debug;
		};
		AADF7DC5269CAFB000A6BC5E /* Release */ = {
			isa = XCBuildConfiguration;
			baseConfigurationReference = D8B7AB2FC98E795BE8937C8F /* Pods-frenemies-frenemiesUITests.release.xcconfig */;
			buildSettings = {
				CODE_SIGN_STYLE = Automatic;
				DEVELOPMENT_TEAM = F87X6892G9;
				INFOPLIST_FILE = frenemiesUITests/Info.plist;
				LD_RUNPATH_SEARCH_PATHS = (
					"$(inherited)",
					"@executable_path/Frameworks",
					"@loader_path/Frameworks",
				);
				PRODUCT_BUNDLE_IDENTIFIER = com.ljyao.frenemiesUITests;
				PRODUCT_NAME = "$(TARGET_NAME)";
				TARGETED_DEVICE_FAMILY = "1,2";
				TEST_TARGET_NAME = frenemies;
			};
			name = Release;
		};
/* End XCBuildConfiguration section */

/* Begin XCConfigurationList section */
		AADF7D89269CAFAF00A6BC5E /* Build configuration list for PBXProject "frenemies" */ = {
			isa = XCConfigurationList;
			buildConfigurations = (
				AADF7DBB269CAFB000A6BC5E /* Debug */,
				AADF7DBC269CAFB000A6BC5E /* Release */,
			);
			defaultConfigurationIsVisible = 0;
			defaultConfigurationName = Release;
		};
		AADF7DBD269CAFB000A6BC5E /* Build configuration list for PBXNativeTarget "frenemies" */ = {
			isa = XCConfigurationList;
			buildConfigurations = (
				AADF7DBE269CAFB000A6BC5E /* Debug */,
				AADF7DBF269CAFB000A6BC5E /* Release */,
			);
			defaultConfigurationIsVisible = 0;
			defaultConfigurationName = Release;
		};
		AADF7DC0269CAFB000A6BC5E /* Build configuration list for PBXNativeTarget "frenemiesTests" */ = {
			isa = XCConfigurationList;
			buildConfigurations = (
				AADF7DC1269CAFB000A6BC5E /* Debug */,
				AADF7DC2269CAFB000A6BC5E /* Release */,
			);
			defaultConfigurationIsVisible = 0;
			defaultConfigurationName = Release;
		};
		AADF7DC3269CAFB000A6BC5E /* Build configuration list for PBXNativeTarget "frenemiesUITests" */ = {
			isa = XCConfigurationList;
			buildConfigurations = (
				AADF7DC4269CAFB000A6BC5E /* Debug */,
				AADF7DC5269CAFB000A6BC5E /* Release */,
			);
			defaultConfigurationIsVisible = 0;
			defaultConfigurationName = Release;
		};
/* End XCConfigurationList section */
	};
	rootObject = AADF7D86269CAFAF00A6BC5E /* Project object */;
}
